
Microsoft Visual Studio Solution File, Format Version 12.00
# Visual Studio 15
VisualStudioVersion = 15.0.27428.2043
MinimumVisualStudioVersion = 10.0.40219.1
Project("{FAE04EC0-301F-11D3-BF4B-00C04F79EFBC}") = "WindowsFormsApp1", "WindowsFormsApp1\WindowsFormsApp1.csproj", "{77D54C9F-F2F6-4088-9236-61C66C0A0243}"
EndProject
Global
	GlobalSection(SolutionConfigurationPlatforms) = preSolution
		Debug|Any CPU = Debug|Any CPU
		Release|Any CPU = Release|Any CPU
	EndGlobalSection
	GlobalSection(ProjectConfigurationPlatforms) = postSolution
		{77D54C9F-F2F6-4088-9236-61C66C0A0243}.Debug|Any CPU.ActiveCfg = Debug|Any CPU
		{77D54C9F-F2F6-4088-9236-61C66C0A0243}.Debug|Any CPU.Build.0 = Debug|Any CPU
		{77D54C9F-F2F6-4088-9236-61C66C0A0243}.Release|Any CPU.ActiveCfg = Release|Any CPU
		{77D54C9F-F2F6-4088-9236-61C66C0A0243}.Release|Any CPU.Build.0 = Release|Any CPU
	EndGlobalSection
	GlobalSection(SolutionProperties) = preSolution
		HideSolutionNode = FALSE
	EndGlobalSection
	GlobalSection(ExtensibilityGlobals) = postSolution
		SolutionGuid = {A4EC1F67-B03B-4E56-9E5A-F80C07248FD1}
	EndGlobalSection
EndGlobal
